
Microsoft Visual Studio Solution File, Format Version 12.00
# Visual Studio Version 17
VisualStudioVersion = 17.1.32414.318
MinimumVisualStudioVersion = 10.0.40219.1
Project("{FAE04EC0-301F-11D3-BF4B-00C04F79EFBC}") = "HelloOOP", "HelloOOP.csproj", "{868AEA72-E3D7-4A0A-B49B-201132D78195}"
EndProject
Global
	GlobalSection(SolutionConfigurationPlatforms) = preSolution
		Debug|Any CPU = Debug|Any CPU
		Release|Any CPU = Release|Any CPU
	EndGlobalSection
	GlobalSection(ProjectConfigurationPlatforms) = postSolution
		{868AEA72-E3D7-4A0A-B49B-201132D78195}.Debug|Any CPU.ActiveCfg = Debug|Any CPU
		{868AEA72-E3D7-4A0A-B49B-201132D78195}.Debug|Any CPU.Build.0 = Debug|Any CPU
		{868AEA72-E3D7-4A0A-B49B-201132D78195}.Release|Any CPU.ActiveCfg = Release|Any CPU
		{868AEA72-E3D7-4A0A-B49B-201132D78195}.Release|Any CPU.Build.0 = Release|Any CPU
	EndGlobalSection
	GlobalSection(SolutionProperties) = preSolution
		HideSolutionNode = FALSE
	EndGlobalSection
	GlobalSection(ExtensibilityGlobals) = postSolution
		SolutionGuid = {E7D40342-F0B7-46A9-9207-F7C1EED2A298}
	EndGlobalSection
EndGlobal
